
Microsoft Visual Studio Solution File, Format Version 12.00
# Visual Studio Version 16
VisualStudioVersion = 16.0.31313.79
MinimumVisualStudioVersion = 10.0.40219.1
Project("{FAE04EC0-301F-11D3-BF4B-00C04F79EFBC}") = "URLShortenerV3", "URLShortenerV3\URLShortenerV3.csproj", "{FEA9157D-39B5-4AA5-8252-59347E809B41}"
EndProject
Global
	GlobalSection(SolutionConfigurationPlatforms) = preSolution
		Debug|Any CPU = Debug|Any CPU
		Release|Any CPU = Release|Any CPU
	EndGlobalSection
	GlobalSection(ProjectConfigurationPlatforms) = postSolution
		{FEA9157D-39B5-4AA5-8252-59347E809B41}.Debug|Any CPU.ActiveCfg = Debug|Any CPU
		{FEA9157D-39B5-4AA5-8252-59347E809B41}.Debug|Any CPU.Build.0 = Debug|Any CPU
		{FEA9157D-39B5-4AA5-8252-59347E809B41}.Release|Any CPU.ActiveCfg = Release|Any CPU
		{FEA9157D-39B5-4AA5-8252-59347E809B41}.Release|Any CPU.Build.0 = Release|Any CPU
	EndGlobalSection
	GlobalSection(SolutionProperties) = preSolution
		HideSolutionNode = FALSE
	EndGlobalSection
	GlobalSection(ExtensibilityGlobals) = postSolution
		SolutionGuid = {CC012A03-A9E1-4BCF-8A0B-0F732E313F8F}
	EndGlobalSection
EndGlobal
